// !$*UTF8*$!
{
	archiveVersion = 1;
	classes = {
	};
	objectVersion = 50;
	objects = {

/* Begin PBXBuildFile section */
		CE5EC65A2080569C0025DFB6 /* AppDelegate.m in Sources */ = {isa = PBXBuildFile; fileRef = CE5EC6592080569C0025DFB6 /* AppDelegate.m */; };
		CE5EC65D2080569C0025DFB6 /* ViewController.m in Sources */ = {isa = PBXBuildFile; fileRef = CE5EC65C2080569C0025DFB6 /* ViewController.m */; };
		CE5EC6602080569C0025DFB6 /* Main.storyboard in Resources */ = {isa = PBXBuildFile; fileRef = CE5EC65E2080569C0025DFB6 /* Main.storyboard */; };
		CE5EC6622080569C0025DFB6 /* Assets.xcassets in Resources */ = {isa = PBXBuildFile; fileRef = CE5EC6612080569C0025DFB6 /* Assets.xcassets */; };
		CE5EC6652080569C0025DFB6 /* LaunchScreen.storyboard in Resources */ = {isa = PBXBuildFile; fileRef = CE5EC6632080569C0025DFB6 /* LaunchScreen.storyboard */; };
		CE5EC6682080569C0025DFB6 /* main.m in Sources */ = {isa = PBXBuildFile; fileRef = CE5EC6672080569C0025DFB6 /* main.m */; };
		CE5EC671208056AE0025DFB6 /* HZShapeView.m in Sources */ = {isa = PBXBuildFile; fileRef = CE5EC670208056AE0025DFB6 /* HZShapeView.m */; };
/* End PBXBuildFile section */

/* Begin PBXFileReference section */
		CE5EC6552080569C0025DFB6 /* HZShapeView.app */ = {isa = PBXFileReference; explicitFileType = wrapper.application; includeInIndex = 0; path = HZShapeView.app; sourceTree = BUILT_PRODUCTS_DIR; };
		CE5EC6582080569C0025DFB6 /* AppDelegate.h */ = {isa = PBXFileReference; lastKnownFileType = sourcecode.c.h; path = AppDelegate.h; sourceTree = "<group>"; };
		CE5EC6592080569C0025DFB6 /* AppDelegate.m */ = {isa = PBXFileReference; lastKnownFileType = sourcecode.c.objc; path = AppDelegate.m; sourceTree = "<group>"; };
		CE5EC65B2080569C0025DFB6 /* ViewController.h */ = {isa = PBXFileReference; lastKnownFileType = sourcecode.c.h; path = ViewController.h; sourceTree = "<group>"; };
		CE5EC65C2080569C0025DFB6 /* ViewController.m */ = {isa = PBXFileReference; lastKnownFileType = sourcecode.c.objc; path = ViewController.m; sourceTree = "<group>"; };
		CE5EC65F2080569C0025DFB6 /* Base */ = {isa = PBXFileReference; lastKnownFileType = file.storyboard; name = Base; path = Base.lproj/Main.storyboard; sourceTree = "<group>"; };
		CE5EC6612080569C0025DFB6 /* Assets.xcassets */ = {isa = PBXFileReference; lastKnownFileType = folder.assetcatalog; path = Assets.xcassets; sourceTree = "<group>"; };
		CE5EC6642080569C0025DFB6 /* Base */ = {isa = PBXFileReference; lastKnownFileType = file.storyboard; name = Base; path = Base.lproj/LaunchScreen.storyboard; sourceTree = "<group>"; };
		CE5EC6662080569C0025DFB6 /* Info.plist */ = {isa = PBXFileReference; lastKnownFileType = text.plist.xml; path = Info.plist; sourceTree = "<group>"; };
		CE5EC6672080569C0025DFB6 /* main.m */ = {isa = PBXFileReference; lastKnownFileType = sourcecode.c.objc; path = main.m; sourceTree = "<group>"; };
		CE5EC66F208056AE0025DFB6 /* HZShapeView.h */ = {isa = PBXFileReference; fileEncoding = 4; lastKnownFileType = sourcecode.c.h; path = HZShapeView.h; sourceTree = "<group>"; };
		CE5EC670208056AE0025DFB6 /* HZShapeView.m */ = {isa = PBXFileReference; fileEncoding = 4; lastKnownFileType = sourcecode.c.objc; path = HZShapeView.m; sourceTree = "<group>"; };
/* End PBXFileReference section */

/* Begin PBXFrameworksBuildPhase section */
		CE5EC6522080569C0025DFB6 /* Frameworks */ = {
			isa = PBXFrameworksBuildPhase;
			buildActionMask = 2147483647;
			files = (
			);
			runOnlyForDeploymentPostprocessing = 0;
		};
/* End PBXFrameworksBuildPhase section */

/* Begin PBXGroup section */
		CE5EC64C2080569C0025DFB6 = {
			isa = PBXGroup;
			children = (
				CE5EC6572080569C0025DFB6 /* HZShapeView */,
				CE5EC6562080569C0025DFB6 /* Products */,
			);
			sourceTree = "<group>";
		};
		CE5EC6562080569C0025DFB6 /* Products */ = {
			isa = PBXGroup;
			children = (
				CE5EC6552080569C0025DFB6 /* HZShapeView.app */,
			);
			name = Products;
			sourceTree = "<group>";
		};
		CE5EC6572080569C0025DFB6 /* HZShapeView */ = {
			isa = PBXGroup;
			children = (
				CE5EC66E208056AE0025DFB6 /* ShapeView */,
				CE5EC6582080569C0025DFB6 /* AppDelegate.h */,
				CE5EC6592080569C0025DFB6 /* AppDelegate.m */,
				CE5EC65B2080569C0025DFB6 /* ViewController.h */,
				CE5EC65C2080569C0025DFB6 /* ViewController.m */,
				CE5EC65E2080569C0025DFB6 /* Main.storyboard */,
				CE5EC6612080569C0025DFB6 /* Assets.xcassets */,
				CE5EC6632080569C0025DFB6 /* LaunchScreen.storyboard */,
				CE5EC6662080569C0025DFB6 /* Info.plist */,
				CE5EC6672080569C0025DFB6 /* main.m */,
			);
			path = HZShapeView;
			sourceTree = "<group>";
		};
		CE5EC66E208056AE0025DFB6 /* ShapeView */ = {
			isa = PBXGroup;
			children = (
				CE5EC66F208056AE0025DFB6 /* HZShapeView.h */,
				CE5EC670208056AE0025DFB6 /* HZShapeView.m */,
			);
			path = ShapeView;
			sourceTree = "<group>";
		};
/* End PBXGroup section */

/* Begin PBXNativeTarget section */
		CE5EC6542080569C0025DFB6 /* HZShapeView */ = {
			isa = PBXNativeTarget;
			buildConfigurationList = CE5EC66B2080569C0025DFB6 /* Build configuration list for PBXNativeTarget "HZShapeView" */;
			buildPhases = (
				CE5EC6512080569C0025DFB6 /* Sources */,
				CE5EC6522080569C0025DFB6 /* Frameworks */,
				CE5EC6532080569C0025DFB6 /* Resources */,
			);
			buildRules = (
			);
			dependencies = (
			);
			name = HZShapeView;
			productName = HZShapeView;
			productReference = CE5EC6552080569C0025DFB6 /* HZShapeView.app */;
			productType = "com.apple.product-type.application";
		};
/* End PBXNativeTarget section */

/* Begin PBXProject section */
		CE5EC64D2080569C0025DFB6 /* Project object */ = {
			isa = PBXProject;
			attributes = {
				LastUpgradeCheck = 0930;
				ORGANIZATIONNAME = CocoaJason;
				TargetAttributes = {
					CE5EC6542080569C0025DFB6 = {
						CreatedOnToolsVersion = 9.3;
					};
				};
			};
			buildConfigurationList = CE5EC6502080569C0025DFB6 /* Build configuration list for PBXProject "HZShapeView" */;
			compatibilityVersion = "Xcode 9.3";
			developmentRegion = en;
			hasScannedForEncodings = 0;
			knownRegions = (
				en,
				Base,
			);
			mainGroup = CE5EC64C2080569C0025DFB6;
			productRefGroup = CE5EC6562080569C0025DFB6 /* Products */;
			projectDirPath = "";
			projectRoot = "";
			targets = (
				CE5EC6542080569C0025DFB6 /* HZShapeView */,
			);
		};
/* End PBXProject section */

/* Begin PBXResourcesBuildPhase section */
		CE5EC6532080569C0025DFB6 /* Resources */ = {
			isa = PBXResourcesBuildPhase;
			buildActionMask = 2147483647;
			files = (
				CE5EC6652080569C0025DFB6 /* LaunchScreen.storyboard in Resources */,
				CE5EC6622080569C0025DFB6 /* Assets.xcassets in Resources */,
				CE5EC6602080569C0025DFB6 /* Main.storyboard in Resources */,
			);
			runOnlyForDeploymentPostprocessing = 0;
		};
/* End PBXResourcesBuildPhase section */

/* Begin PBXSourcesBuildPhase section */
		CE5EC6512080569C0025DFB6 /* Sources */ = {
			isa = PBXSourcesBuildPhase;
			buildActionMask = 2147483647;
			files = (
				CE5EC65D2080569C0025DFB6 /* ViewController.m in Sources */,
				CE5EC6682080569C0025DFB6 /* main.m in Sources */,
				CE5EC671208056AE0025DFB6 /* HZShapeView.m in Sources */,
				CE5EC65A2080569C0025DFB6 /* AppDelegate.m in Sources */,
			);
			runOnlyForDeploymentPostprocessing = 0;
		};
/* End PBXSourcesBuildPhase section */

/* Begin PBXVariantGroup section */
		CE5EC65E2080569C0025DFB6 /* Main.storyboard */ = {
			isa = PBXVariantGroup;
			children = (
				CE5EC65F2080569C0025DFB6 /* Base */,
			);
			name = Main.storyboard;
			sourceTree = "<group>";
		};
		CE5EC6632080569C0025DFB6 /* LaunchScreen.storyboard */ = {
			isa = PBXVariantGroup;
			children = (
				CE5EC6642080569C0025DFB6 /* Base */,
			);
			name = LaunchScreen.storyboard;
			sourceTree = "<group>";
		};
/* End PBXVariantGroup section */

/* Begin XCBuildConfiguration section */
		CE5EC6692080569C0025DFB6 /* Debug */ = {
			isa = XCBuildConfiguration;
			buildSettings = {
				ALWAYS_SEARCH_USER_PATHS = NO;
				CLANG_ANALYZER_NONNULL = YES;
				CLANG_ANALYZER_NUMBER_OBJECT_CONVERSION = YES_AGGRESSIVE;
				CLANG_CXX_LANGUAGE_STANDARD = "gnu++14";
				CLANG_CXX_LIBRARY = "libc++";
				CLANG_ENABLE_MODULES = YES;
				CLANG_ENABLE_OBJC_ARC = YES;
				CLANG_ENABLE_OBJC_WEAK = YES;
				CLANG_WARN_BLOCK_CAPTURE_AUTORELEASING = YES;
				CLANG_WARN_BOOL_CONVERSION = YES;
				CLANG_WARN_COMMA = YES;
				CLANG_WARN_CONSTANT_CONVERSION = YES;
				CLANG_WARN_DEPRECATED_OBJC_IMPLEMENTATIONS = YES;
				CLANG_WARN_DIRECT_OBJC_ISA_USAGE = YES_ERROR;
				CLANG_WARN_DOCUMENTATION_COMMENTS = YES;
				CLANG_WARN_EMPTY_BODY = YES;
				CLANG_WARN_ENUM_CONVERSION = YES;
				CLANG_WARN_INFINITE_RECURSION = YES;
				CLANG_WARN_INT_CONVERSION = YES;
				CLANG_WARN_NON_LITERAL_NULL_CONVERSION = YES;
				CLANG_WARN_OBJC_IMPLICIT_RETAIN_SELF = YES;
				CLANG_WARN_OBJC_LITERAL_CONVERSION = YES;
				CLANG_WARN_OBJC_ROOT_CLASS = YES_ERROR;
				CLANG_WARN_RANGE_LOOP_ANALYSIS = YES;
				CLANG_WARN_STRICT_PROTOTYPES = YES;
				CLANG_WARN_SUSPICIOUS_MOVE = YES;
				CLANG_WARN_UNGUARDED_AVAILABILITY = YES_AGGRESSIVE;
				CLANG_WARN_UNREACHABLE_CODE = YES;
				CLANG_WARN__DUPLICATE_METHOD_MATCH = YES;
				CODE_SIGN_IDENTITY = "iPhone Developer";
				COPY_PHASE_STRIP = NO;
				DEBUG_INFORMATION_FORMAT = dwarf;
				ENABLE_STRICT_OBJC_MSGSEND = YES;
				ENABLE_TESTABILITY = YES;
				GCC_C_LANGUAGE_STANDARD = gnu11;
				GCC_DYNAMIC_NO_PIC = NO;
				GCC_NO_COMMON_BLOCKS = YES;
				GCC_OPTIMIZATION_LEVEL = 0;
				GCC_PREPROCESSOR_DEFINITIONS = (
					"DEBUG=1",
					"$(inherited)",
				);
				GCC_WARN_64_TO_32_BIT_CONVERSION = YES;
				GCC_WARN_ABOUT_RETURN_TYPE = YES_ERROR;
				GCC_WARN_UNDECLARED_SELECTOR = YES;
				GCC_WARN_UNINITIALIZED_AUTOS = YES_AGGRESSIVE;
				GCC_WARN_UNUSED_FUNCTION = YES;
				GCC_WARN_UNUSED_VARIABLE = YES;
				IPHONEOS_DEPLOYMENT_TARGET = 11.3;
				MTL_ENABLE_DEBUG_INFO = YES;
				ONLY_ACTIVE_ARCH = YES;
				SDKROOT = iphoneos;
			};
			name = Debug;
		};
		CE5EC66A2080569C0025DFB6 /* Release */ = {
			isa = XCBuildConfiguration;
			buildSettings = {
				ALWAYS_SEARCH_USER_PATHS = NO;
				CLANG_ANALYZER_NONNULL = YES;
				CLANG_ANALYZER_NUMBER_OBJECT_CONVERSION = YES_AGGRESSIVE;
				CLANG_CXX_LANGUAGE_STANDARD = "gnu++14";
				CLANG_CXX_LIBRARY = "libc++";
				CLANG_ENABLE_MODULES = YES;
				CLANG_ENABLE_OBJC_ARC = YES;
				CLANG_ENABLE_OBJC_WEAK = YES;
				CLANG_WARN_BLOCK_CAPTURE_AUTORELEASING = YES;
				CLANG_WARN_BOOL_CONVERSION = YES;
				CLANG_WARN_COMMA = YES;
				CLANG_WARN_CONSTANT_CONVERSION = YES;
				CLANG_WARN_DEPRECATED_OBJC_IMPLEMENTATIONS = YES;
				CLANG_WARN_DIRECT_OBJC_ISA_USAGE = YES_ERROR;
				CLANG_WARN_DOCUMENTATION_COMMENTS = YES;
				CLANG_WARN_EMPTY_BODY = YES;
				CLANG_WARN_ENUM_CONVERSION = YES;
				CLANG_WARN_INFINITE_RECURSION = YES;
				CLANG_WARN_INT_CONVERSION = YES;
				CLANG_WARN_NON_LITERAL_NULL_CONVERSION = YES;
				CLANG_WARN_OBJC_IMPLICIT_RETAIN_SELF = YES;
				CLANG_WARN_OBJC_LITERAL_CONVERSION = YES;
				CLANG_WARN_OBJC_ROOT_CLASS = YES_ERROR;
				CLANG_WARN_RANGE_LOOP_ANALYSIS = YES;
				CLANG_WARN_STRICT_PROTOTYPES = YES;
				CLANG_WARN_SUSPICIOUS_MOVE = YES;
				CLANG_WARN_UNGUARDED_AVAILABILITY = YES_AGGRESSIVE;
				CLANG_WARN_UNREACHABLE_CODE = YES;
				CLANG_WARN__DUPLICATE_METHOD_MATCH = YES;
				CODE_SIGN_IDENTITY = "iPhone Developer";
				COPY_PHASE_STRIP = NO;
				DEBUG_INFORMATION_FORMAT = "dwarf-with-dsym";
				ENABLE_NS_ASSERTIONS = NO;
				ENABLE_STRICT_OBJC_MSGSEND = YES;
				GCC_C_LANGUAGE_STANDARD = gnu11;
				GCC_NO_COMMON_BLOCKS = YES;
				GCC_WARN_64_TO_32_BIT_CONVERSION = YES;
				GCC_WARN_ABOUT_RETURN_TYPE = YES_ERROR;
				GCC_WARN_UNDECLARED_SELECTOR = YES;
				GCC_WARN_UNINITIALIZED_AUTOS = YES_AGGRESSIVE;
				GCC_WARN_UNUSED_FUNCTION = YES;
				GCC_WARN_UNUSED_VARIABLE = YES;
				IPHONEOS_DEPLOYMENT_TARGET = 11.3;
				MTL_ENABLE_DEBUG_INFO = NO;
				SDKROOT = iphoneos;
				VALIDATE_PRODUCT = YES;
			};
			name = Release;
		};
		CE5EC66C2080569C0025DFB6 /* Debug */ = {
			isa = XCBuildConfiguration;
			buildSettings = {
				ASSETCATALOG_COMPILER_APPICON_NAME = AppIcon;
				CODE_SIGN_STYLE = Automatic;
				INFOPLIST_FILE = HZShapeView/Info.plist;
				IPHONEOS_DEPLOYMENT_TARGET = 9.0;
				LD_RUNPATH_SEARCH_PATHS = (
					"$(inherited)",
					"@executable_path/Frameworks",
				);
				PRODUCT_BUNDLE_IDENTIFIER = com.CocoaJason.HZShapeView;
				PRODUCT_NAME = "$(TARGET_NAME)";
				TARGETED_DEVICE_FAMILY = "1,2";
			};
			name = Debug;
		};
		CE5EC66D2080569C0025DFB6 /* Release */ = {
			isa = XCBuildConfiguration;
			buildSettings = {
				ASSETCATALOG_COMPILER_APPICON_NAME = AppIcon;
				CODE_SIGN_STYLE = Automatic;
				INFOPLIST_FILE = HZShapeView/Info.plist;
				IPHONEOS_DEPLOYMENT_TARGET = 9.0;
				LD_RUNPATH_SEARCH_PATHS = (
					"$(inherited)",
					"@executable_path/Frameworks",
				);
				PRODUCT_BUNDLE_IDENTIFIER = com.CocoaJason.HZShapeView;
				PRODUCT_NAME = "$(TARGET_NAME)";
				TARGETED_DEVICE_FAMILY = "1,2";
			};
			name = Release;
		};
/* End XCBuildConfiguration section */

/* Begin XCConfigurationList section */
		CE5EC6502080569C0025DFB6 /* Build configuration list for PBXProject "HZShapeView" */ = {
			isa = XCConfigurationList;
			buildConfigurations = (
				CE5EC6692080569C0025DFB6 /* Debug */,
				CE5EC66A2080569C0025DFB6 /* Release */,
			);
			defaultConfigurationIsVisible = 0;
			defaultConfigurationName = Release;
		};
		CE5EC66B2080569C0025DFB6 /* Build configuration list for PBXNativeTarget "HZShapeView" */ = {
			isa = XCConfigurationList;
			buildConfigurations = (
				CE5EC66C2080569C0025DFB6 /* Debug */,
				CE5EC66D2080569C0025DFB6 /* Release */,
			);
			defaultConfigurationIsVisible = 0;
			defaultConfigurationName = Release;
		};
/* End XCConfigurationList section */
	};
	rootObject = CE5EC64D2080569C0025DFB6 /* Project object */;
}
